lockfileVersion: '9.0'

settings:
  autoInstallPeers: true
  excludeLinksFromLockfile: false

importers:

  .:
    devDependencies:
      '@electric-sql/pglite':
        specifier: 0.5.8
        version: 0.5.8

packages:

  '@electric-sql/pglite@0.5.8':
    resolution: {integrity: sha512-n9tsbUOhwx2epK1V0ZG9Ar4SHWUju04dhmzZXiSBXwBoleOvIfals33NAaWgagQVAL4Rbvx/Ptsu3P+pA09f6Q==}

snapshots:

  '@electric-sql/pglite@0.5.8': {}
